// !$*UTF8*$!
{
	archiveVersion = 1;
	classes = {
	};
	objectVersion = 50;
	objects = {

/* Begin PBXBuildFile section */
		233F147E26A9C0F000C31410 /* Hyperlinks.swift in Sources */ = {isa = PBXBuildFile; fileRef = 233F147D26A9C0F000C31410 /* Hyperlinks.swift */; };
		8F9FFC0A26A8BF5A0070EA8D /* ScrollViewController.swift in Sources */ = {isa = PBXBuildFile; fileRef = 8F9FFC0926A8BF5A0070EA8D /* ScrollViewController.swift */; };
		8F9FFC0C26A8C8AC0070EA8D /* RecommendedViewController.swift in Sources */ = {isa = PBXBuildFile; fileRef = 8F9FFC0B26A8C8AC0070EA8D /* RecommendedViewController.swift */; };
		8F9FFC0E26A8C9610070EA8D /* FavoritesViewController.swift in Sources */ = {isa = PBXBuildFile; fileRef = 8F9FFC0D26A8C9610070EA8D /* FavoritesViewController.swift */; };
		8FC017D626A9F48800D8B7BC /* ChatViewController.swift in Sources */ = {isa = PBXBuildFile; fileRef = 8FC017D526A9F48800D8B7BC /* ChatViewController.swift */; };
		A871290C26A7BC090063FE25 /* NoScrollExploreViewController.swift in Sources */ = {isa = PBXBuildFile; fileRef = A871290B26A7BC090063FE25 /* NoScrollExploreViewController.swift */; };
		A871290E26A7BD860063FE25 /* ConnectViewController.swift in Sources */ = {isa = PBXBuildFile; fileRef = A871290D26A7BD860063FE25 /* ConnectViewController.swift */; };
		A8C24EA826A61244005D64C9 /* AppDelegate.swift in Sources */ = {isa = PBXBuildFile; fileRef = A8C24EA726A61244005D64C9 /* AppDelegate.swift */; };
		A8C24EAA26A61244005D64C9 /* SceneDelegate.swift in Sources */ = {isa = PBXBuildFile; fileRef = A8C24EA926A61244005D64C9 /* SceneDelegate.swift */; };
		A8C24EAC26A61244005D64C9 /* ViewController.swift in Sources */ = {isa = PBXBuildFile; fileRef = A8C24EAB26A61244005D64C9 /* ViewController.swift */; };
		A8C24EAF26A61244005D64C9 /* Main.storyboard in Resources */ = {isa = PBXBuildFile; fileRef = A8C24EAD26A61244005D64C9 /* Main.storyboard */; };
		A8C24EB226A61244005D64C9 /* COMM_Mobile_Dev_Final_Project.xcdatamodeld in Sources */ = {isa = PBXBuildFile; fileRef = A8C24EB026A61244005D64C9 /* COMM_Mobile_Dev_Final_Project.xcdatamodeld */; };
		A8C24EB426A61245005D64C9 /* Assets.xcassets in Resources */ = {isa = PBXBuildFile; fileRef = A8C24EB326A61245005D64C9 /* Assets.xcassets */; };
		A8C24EB726A61245005D64C9 /* LaunchScreen.storyboard in Resources */ = {isa = PBXBuildFile; fileRef = A8C24EB526A61245005D64C9 /* LaunchScreen.storyboard */; };
		A8C24EC226A61245005D64C9 /* COMM_Mobile_Dev_Final_ProjectTests.swift in Sources */ = {isa = PBXBuildFile; fileRef = A8C24EC126A61245005D64C9 /* COMM_Mobile_Dev_Final_ProjectTests.swift */; };
		A8C24ECD26A61245005D64C9 /* COMM_Mobile_Dev_Final_ProjectUITests.swift in Sources */ = {isa = PBXBuildFile; fileRef = A8C24ECC26A61245005D64C9 /* COMM_Mobile_Dev_Final_ProjectUITests.swift */; };
/* End PBXBuildFile section */

/* Begin PBXContainerItemProxy section */
		A8C24EBE26A61245005D64C9 /* PBXContainerItemProxy */ = {
			isa = PBXContainerItemProxy;
			containerPortal = A8C24E9C26A61244005D64C9 /* Project object */;
			proxyType = 1;
			remoteGlobalIDString = A8C24EA326A61244005D64C9;
			remoteInfo = "COMM Mobile Dev Final Project";
		};
		A8C24EC926A61245005D64C9 /* PBXContainerItemProxy */ = {
			isa = PBXContainerItemProxy;
			containerPortal = A8C24E9C26A61244005D64C9 /* Project object */;
			proxyType = 1;
			remoteGlobalIDString = A8C24EA326A61244005D64C9;
			remoteInfo = "COMM Mobile Dev Final Project";
		};
/* End PBXContainerItemProxy section */

/* Begin PBXFileReference section */
		233F147D26A9C0F000C31410 /* Hyperlinks.swift */ = {isa = PBXFileReference; lastKnownFileType = sourcecode.swift; path = Hyperlinks.swift; sourceTree = "<group>"; };
		8F9FFC0926A8BF5A0070EA8D /* ScrollViewController.swift */ = {isa = PBXFileReference; lastKnownFileType = sourcecode.swift; path = ScrollViewController.swift; sourceTree = "<group>"; };
		8F9FFC0B26A8C8AC0070EA8D /* RecommendedViewController.swift */ = {isa = PBXFileReference; lastKnownFileType = sourcecode.swift; path = RecommendedViewController.swift; sourceTree = "<group>"; };
		8F9FFC0D26A8C9610070EA8D /* FavoritesViewController.swift */ = {isa = PBXFileReference; lastKnownFileType = sourcecode.swift; path = FavoritesViewController.swift; sourceTree = "<group>"; };
		8FC017D526A9F48800D8B7BC /* ChatViewController.swift */ = {isa = PBXFileReference; lastKnownFileType = sourcecode.swift; path = ChatViewController.swift; sourceTree = "<group>"; };
		A871290B26A7BC090063FE25 /* NoScrollExploreViewController.swift */ = {isa = PBXFileReference; lastKnownFileType = sourcecode.swift; path = NoScrollExploreViewController.swift; sourceTree = "<group>"; };
		A871290D26A7BD860063FE25 /* ConnectViewController.swift */ = {isa = PBXFileReference; lastKnownFileType = sourcecode.swift; path = ConnectViewController.swift; sourceTree = "<group>"; };
		A8C24EA426A61244005D64C9 /* COMMMobileDevFinalProject.app */ = {isa = PBXFileReference; explicitFileType = wrapper.application; includeInIndex = 0; path = COMMMobileDevFinalProject.app; sourceTree = BUILT_PRODUCTS_DIR; };
		A8C24EA726A61244005D64C9 /* AppDelegate.swift */ = {isa = PBXFileReference; lastKnownFileType = sourcecode.swift; path = AppDelegate.swift; sourceTree = "<group>"; };
		A8C24EA926A61244005D64C9 /* SceneDelegate.swift */ = {isa = PBXFileReference; lastKnownFileType = sourcecode.swift; path = SceneDelegate.swift; sourceTree = "<group>"; };
		A8C24EAB26A61244005D64C9 /* ViewController.swift */ = {isa = PBXFileReference; lastKnownFileType = sourcecode.swift; path = ViewController.swift; sourceTree = "<group>"; };
		A8C24EAE26A61244005D64C9 /* Base */ = {isa = PBXFileReference; lastKnownFileType = file.storyboard; name = Base; path = Base.lproj/Main.storyboard; sourceTree = "<group>"; };
		A8C24EB126A61244005D64C9 /* COMM_Mobile_Dev_Final_Project.xcdatamodel */ = {isa = PBXFileReference; lastKnownFileType = wrapper.xcdatamodel; path = COMM_Mobile_Dev_Final_Project.xcdatamodel; sourceTree = "<group>"; };
		A8C24EB326A61245005D64C9 /* Assets.xcassets */ = {isa = PBXFileReference; lastKnownFileType = folder.assetcatalog; path = Assets.xcassets; sourceTree = "<group>"; };
		A8C24EB626A61245005D64C9 /* Base */ = {isa = PBXFileReference; lastKnownFileType = file.storyboard; name = Base; path = Base.lproj/LaunchScreen.storyboard; sourceTree = "<group>"; };
		A8C24EB826A61245005D64C9 /* Info.plist */ = {isa = PBXFileReference; lastKnownFileType = text.plist.xml; path = Info.plist; sourceTree = "<group>"; };
		A8C24EBD26A61245005D64C9 /* COMMMobileDevFinalProjectTests.xctest */ = {isa = PBXFileReference; explicitFileType = wrapper.cfbundle; includeInIndex = 0; path = COMMMobileDevFinalProjectTests.xctest; sourceTree = BUILT_PRODUCTS_DIR; };
		A8C24EC126A61245005D64C9 /* COMM_Mobile_Dev_Final_ProjectTests.swift */ = {isa = PBXFileReference; lastKnownFileType = sourcecode.swift; path = COMM_Mobile_Dev_Final_ProjectTests.swift; sourceTree = "<group>"; };
		A8C24EC326A61245005D64C9 /* Info.plist */ = {isa = PBXFileReference; lastKnownFileType = text.plist.xml; path = Info.plist; sourceTree = "<group>"; };
		A8C24EC826A61245005D64C9 /* COMMMobileDevFinalProjectUITests.xctest */ = {isa = PBXFileReference; explicitFileType = wrapper.cfbundle; includeInIndex = 0; path = COMMMobileDevFinalProjectUITests.xctest; sourceTree = BUILT_PRODUCTS_DIR; };
		A8C24ECC26A61245005D64C9 /* COMM_Mobile_Dev_Final_ProjectUITests.swift */ = {isa = PBXFileReference; lastKnownFileType = sourcecode.swift; path = COMM_Mobile_Dev_Final_ProjectUITests.swift; sourceTree = "<group>"; };
		A8C24ECE26A61245005D64C9 /* Info.plist */ = {isa = PBXFileReference; lastKnownFileType = text.plist.xml; path = Info.plist; sourceTree = "<group>"; };
/* End PBXFileReference section */

/* Begin PBXFrameworksBuildPhase section */
		A8C24EA126A61244005D64C9 /* Frameworks */ = {
			isa = PBXFrameworksBuildPhase;
			buildActionMask = 2147483647;
			files = (
			);
			runOnlyForDeploymentPostprocessing = 0;
		};
		A8C24EBA26A61245005D64C9 /* Frameworks */ = {
			isa = PBXFrameworksBuildPhase;
			buildActionMask = 2147483647;
			files = (
			);
			runOnlyForDeploymentPostprocessing = 0;
		};
		A8C24EC526A61245005D64C9 /* Frameworks */ = {
			isa = PBXFrameworksBuildPhase;
			buildActionMask = 2147483647;
			files = (
			);
			runOnlyForDeploymentPostprocessing = 0;
		};
/* End PBXFrameworksBuildPhase section */

/* Begin PBXGroup section */
		A8C24E9B26A61244005D64C9 = {
			isa = PBXGroup;
			children = (
				A8C24EA626A61244005D64C9 /* COMM Mobile Dev Final Project */,
				A8C24EC026A61245005D64C9 /* COMM Mobile Dev Final ProjectTests */,
				A8C24ECB26A61245005D64C9 /* COMM Mobile Dev Final ProjectUITests */,
				A8C24EA526A61244005D64C9 /* Products */,
			);
			sourceTree = "<group>";
		};
		A8C24EA526A61244005D64C9 /* Products */ = {
			isa = PBXGroup;
			children = (
				A8C24EA426A61244005D64C9 /* COMMMobileDevFinalProject.app */,
				A8C24EBD26A61245005D64C9 /* COMMMobileDevFinalProjectTests.xctest */,
				A8C24EC826A61245005D64C9 /* COMMMobileDevFinalProjectUITests.xctest */,
			);
			name = Products;
			sourceTree = "<group>";
		};
		A8C24EA626A61244005D64C9 /* COMM Mobile Dev Final Project */ = {
			isa = PBXGroup;
			children = (
				A8C24EA726A61244005D64C9 /* AppDelegate.swift */,
				A8C24EA926A61244005D64C9 /* SceneDelegate.swift */,
				A8C24EAB26A61244005D64C9 /* ViewController.swift */,
				A871290B26A7BC090063FE25 /* NoScrollExploreViewController.swift */,
				A871290D26A7BD860063FE25 /* ConnectViewController.swift */,
				8F9FFC0926A8BF5A0070EA8D /* ScrollViewController.swift */,
				A8C24EAD26A61244005D64C9 /* Main.storyboard */,
				A8C24EB326A61245005D64C9 /* Assets.xcassets */,
				A8C24EB526A61245005D64C9 /* LaunchScreen.storyboard */,
				A8C24EB826A61245005D64C9 /* Info.plist */,
				A8C24EB026A61244005D64C9 /* COMM_Mobile_Dev_Final_Project.xcdatamodeld */,
				8F9FFC0B26A8C8AC0070EA8D /* RecommendedViewController.swift */,
				8F9FFC0D26A8C9610070EA8D /* FavoritesViewController.swift */,
				233F147D26A9C0F000C31410 /* Hyperlinks.swift */,
				8FC017D526A9F48800D8B7BC /* ChatViewController.swift */,
			);
			path = "COMM Mobile Dev Final Project";
			sourceTree = "<group>";
		};
		A8C24EC026A61245005D64C9 /* COMM Mobile Dev Final ProjectTests */ = {
			isa = PBXGroup;
			children = (
				A8C24EC126A61245005D64C9 /* COMM_Mobile_Dev_Final_ProjectTests.swift */,
				A8C24EC326A61245005D64C9 /* Info.plist */,
			);
			path = "COMM Mobile Dev Final ProjectTests";
			sourceTree = "<group>";
		};
		A8C24ECB26A61245005D64C9 /* COMM Mobile Dev Final ProjectUITests */ = {
			isa = PBXGroup;
			children = (
				A8C24ECC26A61245005D64C9 /* COMM_Mobile_Dev_Final_ProjectUITests.swift */,
				A8C24ECE26A61245005D64C9 /* Info.plist */,
			);
			path = "COMM Mobile Dev Final ProjectUITests";
			sourceTree = "<group>";
		};
/* End PBXGroup section */

/* Begin PBXNativeTarget section */
		A8C24EA326A61244005D64C9 /* COMMMobileDevFinalProject */ = {
			isa = PBXNativeTarget;
			buildConfigurationList = A8C24ED126A61245005D64C9 /* Build configuration list for PBXNativeTarget "COMMMobileDevFinalProject" */;
			buildPhases = (
				A8C24EA026A61244005D64C9 /* Sources */,
				A8C24EA126A61244005D64C9 /* Frameworks */,
				A8C24EA226A61244005D64C9 /* Resources */,
			);
			buildRules = (
			);
			dependencies = (
			);
			name = COMMMobileDevFinalProject;
			productName = "COMM Mobile Dev Final Project";
			productReference = A8C24EA426A61244005D64C9 /* COMMMobileDevFinalProject.app */;
			productType = "com.apple.product-type.application";
		};
		A8C24EBC26A61245005D64C9 /* COMMMobileDevFinalProjectTests */ = {
			isa = PBXNativeTarget;
			buildConfigurationList = A8C24ED426A61245005D64C9 /* Build configuration list for PBXNativeTarget "COMMMobileDevFinalProjectTests" */;
			buildPhases = (
				A8C24EB926A61245005D64C9 /* Sources */,
				A8C24EBA26A61245005D64C9 /* Frameworks */,
				A8C24EBB26A61245005D64C9 /* Resources */,
			);
			buildRules = (
			);
			dependencies = (
				A8C24EBF26A61245005D64C9 /* PBXTargetDependency */,
			);
			name = COMMMobileDevFinalProjectTests;
			productName = "COMM Mobile Dev Final ProjectTests";
			productReference = A8C24EBD26A61245005D64C9 /* COMMMobileDevFinalProjectTests.xctest */;
			productType = "com.apple.product-type.bundle.unit-test";
		};
		A8C24EC726A61245005D64C9 /* COMMMobileDevFinalProjectUITests */ = {
			isa = PBXNativeTarget;
			buildConfigurationList = A8C24ED726A61245005D64C9 /* Build configuration list for PBXNativeTarget "COMMMobileDevFinalProjectUITests" */;
			buildPhases = (
				A8C24EC426A61245005D64C9 /* Sources */,
				A8C24EC526A61245005D64C9 /* Frameworks */,
				A8C24EC626A61245005D64C9 /* Resources */,
			);
			buildRules = (
			);
			dependencies = (
				A8C24ECA26A61245005D64C9 /* PBXTargetDependency */,
			);
			name = COMMMobileDevFinalProjectUITests;
			productName = "COMM Mobile Dev Final ProjectUITests";
			productReference = A8C24EC826A61245005D64C9 /* COMMMobileDevFinalProjectUITests.xctest */;
			productType = "com.apple.product-type.bundle.ui-testing";
		};
/* End PBXNativeTarget section */

/* Begin PBXProject section */
		A8C24E9C26A61244005D64C9 /* Project object */ = {
			isa = PBXProject;
			attributes = {
				LastSwiftUpdateCheck = 1250;
				LastUpgradeCheck = 1250;
				TargetAttributes = {
					A8C24EA326A61244005D64C9 = {
						CreatedOnToolsVersion = 12.5.1;
					};
					A8C24EBC26A61245005D64C9 = {
						CreatedOnToolsVersion = 12.5.1;
						TestTargetID = A8C24EA326A61244005D64C9;
					};
					A8C24EC726A61245005D64C9 = {
						CreatedOnToolsVersion = 12.5.1;
						TestTargetID = A8C24EA326A61244005D64C9;
					};
				};
			};
			buildConfigurationList = A8C24E9F26A61244005D64C9 /* Build configuration list for PBXProject "COMMMobileDevFinalProject" */;
			compatibilityVersion = "Xcode 9.3";
			developmentRegion = en;
			hasScannedForEncodings = 0;
			knownRegions = (
				en,
				Base,
			);
			mainGroup = A8C24E9B26A61244005D64C9;
			productRefGroup = A8C24EA526A61244005D64C9 /* Products */;
			projectDirPath = "";
			projectRoot = "";
			targets = (
				A8C24EA326A61244005D64C9 /* COMMMobileDevFinalProject */,
				A8C24EBC26A61245005D64C9 /* COMMMobileDevFinalProjectTests */,
				A8C24EC726A61245005D64C9 /* COMMMobileDevFinalProjectUITests */,
			);
		};
/* End PBXProject section */

/* Begin PBXResourcesBuildPhase section */
		A8C24EA226A61244005D64C9 /* Resources */ = {
			isa = PBXResourcesBuildPhase;
			buildActionMask = 2147483647;
			files = (
				A8C24EB726A61245005D64C9 /* LaunchScreen.storyboard in Resources */,
				A8C24EB426A61245005D64C9 /* Assets.xcassets in Resources */,
				A8C24EAF26A61244005D64C9 /* Main.storyboard in Resources */,
			);
			runOnlyForDeploymentPostprocessing = 0;
		};
		A8C24EBB26A61245005D64C9 /* Resources */ = {
			isa = PBXResourcesBuildPhase;
			buildActionMask = 2147483647;
			files = (
			);
			runOnlyForDeploymentPostprocessing = 0;
		};
		A8C24EC626A61245005D64C9 /* Resources */ = {
			isa = PBXResourcesBuildPhase;
			buildActionMask = 2147483647;
			files = (
			);
			runOnlyForDeploymentPostprocessing = 0;
		};
/* End PBXResourcesBuildPhase section */

/* Begin PBXSourcesBuildPhase section */
		A8C24EA026A61244005D64C9 /* Sources */ = {
			isa = PBXSourcesBuildPhase;
			buildActionMask = 2147483647;
			files = (
				A8C24EAC26A61244005D64C9 /* ViewController.swift in Sources */,
				A8C24EA826A61244005D64C9 /* AppDelegate.swift in Sources */,
				8FC017D626A9F48800D8B7BC /* ChatViewController.swift in Sources */,
				A871290C26A7BC090063FE25 /* NoScrollExploreViewController.swift in Sources */,
				8F9FFC0A26A8BF5A0070EA8D /* ScrollViewController.swift in Sources */,
				A871290E26A7BD860063FE25 /* ConnectViewController.swift in Sources */,
				A8C24EB226A61244005D64C9 /* COMM_Mobile_Dev_Final_Project.xcdatamodeld in Sources */,
				A8C24EAA26A61244005D64C9 /* SceneDelegate.swift in Sources */,
				233F147E26A9C0F000C31410 /* Hyperlinks.swift in Sources */,
				8F9FFC0C26A8C8AC0070EA8D /* RecommendedViewController.swift in Sources */,
				8F9FFC0E26A8C9610070EA8D /* FavoritesViewController.swift in Sources */,
			);
			runOnlyForDeploymentPostprocessing = 0;
		};
		A8C24EB926A61245005D64C9 /* Sources */ = {
			isa = PBXSourcesBuildPhase;
			buildActionMask = 2147483647;
			files = (
				A8C24EC226A61245005D64C9 /* COMM_Mobile_Dev_Final_ProjectTests.swift in Sources */,
			);
			runOnlyForDeploymentPostprocessing = 0;
		};
		A8C24EC426A61245005D64C9 /* Sources */ = {
			isa = PBXSourcesBuildPhase;
			buildActionMask = 2147483647;
			files = (
				A8C24ECD26A61245005D64C9 /* COMM_Mobile_Dev_Final_ProjectUITests.swift in Sources */,
			);
			runOnlyForDeploymentPostprocessing = 0;
		};
/* End PBXSourcesBuildPhase section */

/* Begin PBXTargetDependency section */
		A8C24EBF26A61245005D64C9 /* PBXTargetDependency */ = {
			isa = PBXTargetDependency;
			target = A8C24EA326A61244005D64C9 /* COMMMobileDevFinalProject */;
			targetProxy = A8C24EBE26A61245005D64C9 /* PBXContainerItemProxy */;
		};
		A8C24ECA26A61245005D64C9 /* PBXTargetDependency */ = {
			isa = PBXTargetDependency;
			target = A8C24EA326A61244005D64C9 /* COMMMobileDevFinalProject */;
			targetProxy = A8C24EC926A61245005D64C9 /* PBXContainerItemProxy */;
		};
/* End PBXTargetDependency section */

/* Begin PBXVariantGroup section */
		A8C24EAD26A61244005D64C9 /* Main.storyboard */ = {
			isa = PBXVariantGroup;
			children = (
				A8C24EAE26A61244005D64C9 /* Base */,
			);
			name = Main.storyboard;
			sourceTree = "<group>";
		};
		A8C24EB526A61245005D64C9 /* LaunchScreen.storyboard */ = {
			isa = PBXVariantGroup;
			children = (
				A8C24EB626A61245005D64C9 /* Base */,
			);
			name = LaunchScreen.storyboard;
			sourceTree = "<group>";
		};
/* End PBXVariantGroup section */

/* Begin XCBuildConfiguration section */
		A8C24ECF26A61245005D64C9 /* Debug */ = {
			isa = XCBuildConfiguration;
			buildSettings = {
				ALWAYS_SEARCH_USER_PATHS = NO;
				CLANG_ANALYZER_NONNULL = YES;
				CLANG_ANALYZER_NUMBER_OBJECT_CONVERSION = YES_AGGRESSIVE;
				CLANG_CXX_LANGUAGE_STANDARD = "gnu++14";
				CLANG_CXX_LIBRARY = "libc++";
				CLANG_ENABLE_MODULES = YES;
				CLANG_ENABLE_OBJC_ARC = YES;
				CLANG_ENABLE_OBJC_WEAK = YES;
				CLANG_WARN_BLOCK_CAPTURE_AUTORELEASING = YES;
				CLANG_WARN_BOOL_CONVERSION = YES;
				CLANG_WARN_COMMA = YES;
				CLANG_WARN_CONSTANT_CONVERSION = YES;
				CLANG_WARN_DEPRECATED_OBJC_IMPLEMENTATIONS = YES;
				CLANG_WARN_DIRECT_OBJC_ISA_USAGE = YES_ERROR;
				CLANG_WARN_DOCUMENTATION_COMMENTS = YES;
				CLANG_WARN_EMPTY_BODY = YES;
				CLANG_WARN_ENUM_CONVERSION = YES;
				CLANG_WARN_INFINITE_RECURSION = YES;
				CLANG_WARN_INT_CONVERSION = YES;
				CLANG_WARN_NON_LITERAL_NULL_CONVERSION = YES;
				CLANG_WARN_OBJC_IMPLICIT_RETAIN_SELF = YES;
				CLANG_WARN_OBJC_LITERAL_CONVERSION = YES;
				CLANG_WARN_OBJC_ROOT_CLASS = YES_ERROR;
				CLANG_WARN_QUOTED_INCLUDE_IN_FRAMEWORK_HEADER = YES;
				CLANG_WARN_RANGE_LOOP_ANALYSIS = YES;
				CLANG_WARN_STRICT_PROTOTYPES = YES;
				CLANG_WARN_SUSPICIOUS_MOVE = YES;
				CLANG_WARN_UNGUARDED_AVAILABILITY = YES_AGGRESSIVE;
				CLANG_WARN_UNREACHABLE_CODE = YES;
				CLANG_WARN__DUPLICATE_METHOD_MATCH = YES;
				COPY_PHASE_STRIP = NO;
				DEBUG_INFORMATION_FORMAT = dwarf;
				ENABLE_STRICT_OBJC_MSGSEND = YES;
				ENABLE_TESTABILITY = YES;
				GCC_C_LANGUAGE_STANDARD = gnu11;
				GCC_DYNAMIC_NO_PIC = NO;
				GCC_NO_COMMON_BLOCKS = YES;
				GCC_OPTIMIZATION_LEVEL = 0;
				GCC_PREPROCESSOR_DEFINITIONS = (
					"DEBUG=1",
					"$(inherited)",
				);
				GCC_WARN_64_TO_32_BIT_CONVERSION = YES;
				GCC_WARN_ABOUT_RETURN_TYPE = YES_ERROR;
				GCC_WARN_UNDECLARED_SELECTOR = YES;
				GCC_WARN_UNINITIALIZED_AUTOS = YES_AGGRESSIVE;
				GCC_WARN_UNUSED_FUNCTION = YES;
				GCC_WARN_UNUSED_VARIABLE = YES;
				IPHONEOS_DEPLOYMENT_TARGET = 14.5;
				MTL_ENABLE_DEBUG_INFO = INCLUDE_SOURCE;
				MTL_FAST_MATH = YES;
				ONLY_ACTIVE_ARCH = YES;
				SDKROOT = iphoneos;
				SWIFT_ACTIVE_COMPILATION_CONDITIONS = DEBUG;
				SWIFT_OPTIMIZATION_LEVEL = "-Onone";
			};
			name = Debug;
		};
		A8C24ED026A61245005D64C9 /* Release */ = {
			isa = XCBuildConfiguration;
			buildSettings = {
				ALWAYS_SEARCH_USER_PATHS = NO;
				CLANG_ANALYZER_NONNULL = YES;
				CLANG_ANALYZER_NUMBER_OBJECT_CONVERSION = YES_AGGRESSIVE;
				CLANG_CXX_LANGUAGE_STANDARD = "gnu++14";
				CLANG_CXX_LIBRARY = "libc++";
				CLANG_ENABLE_MODULES = YES;
				CLANG_ENABLE_OBJC_ARC = YES;
				CLANG_ENABLE_OBJC_WEAK = YES;
				CLANG_WARN_BLOCK_CAPTURE_AUTORELEASING = YES;
				CLANG_WARN_BOOL_CONVERSION = YES;
				CLANG_WARN_COMMA = YES;
				CLANG_WARN_CONSTANT_CONVERSION = YES;
				CLANG_WARN_DEPRECATED_OBJC_IMPLEMENTATIONS = YES;
				CLANG_WARN_DIRECT_OBJC_ISA_USAGE = YES_ERROR;
				CLANG_WARN_DOCUMENTATION_COMMENTS = YES;
				CLANG_WARN_EMPTY_BODY = YES;
				CLANG_WARN_ENUM_CONVERSION = YES;
				CLANG_WARN_INFINITE_RECURSION = YES;
				CLANG_WARN_INT_CONVERSION = YES;
				CLANG_WARN_NON_LITERAL_NULL_CONVERSION = YES;
				CLANG_WARN_OBJC_IMPLICIT_RETAIN_SELF = YES;
				CLANG_WARN_OBJC_LITERAL_CONVERSION = YES;
				CLANG_WARN_OBJC_ROOT_CLASS = YES_ERROR;
				CLANG_WARN_QUOTED_INCLUDE_IN_FRAMEWORK_HEADER = YES;
				CLANG_WARN_RANGE_LOOP_ANALYSIS = YES;
				CLANG_WARN_STRICT_PROTOTYPES = YES;
				CLANG_WARN_SUSPICIOUS_MOVE = YES;
				CLANG_WARN_UNGUARDED_AVAILABILITY = YES_AGGRESSIVE;
				CLANG_WARN_UNREACHABLE_CODE = YES;
				CLANG_WARN__DUPLICATE_METHOD_MATCH = YES;
				COPY_PHASE_STRIP = NO;
				DEBUG_INFORMATION_FORMAT = "dwarf-with-dsym";
				ENABLE_NS_ASSERTIONS = NO;
				ENABLE_STRICT_OBJC_MSGSEND = YES;
				GCC_C_LANGUAGE_STANDARD = gnu11;
				GCC_NO_COMMON_BLOCKS = YES;
				GCC_WARN_64_TO_32_BIT_CONVERSION = YES;
				GCC_WARN_ABOUT_RETURN_TYPE = YES_ERROR;
				GCC_WARN_UNDECLARED_SELECTOR = YES;
				GCC_WARN_UNINITIALIZED_AUTOS = YES_AGGRESSIVE;
				GCC_WARN_UNUSED_FUNCTION = YES;
				GCC_WARN_UNUSED_VARIABLE = YES;
				IPHONEOS_DEPLOYMENT_TARGET = 14.5;
				MTL_ENABLE_DEBUG_INFO = NO;
				MTL_FAST_MATH = YES;
				SDKROOT = iphoneos;
				SWIFT_COMPILATION_MODE = wholemodule;
				SWIFT_OPTIMIZATION_LEVEL = "-O";
				VALIDATE_PRODUCT = YES;
			};
			name = Release;
		};
		A8C24ED226A61245005D64C9 /* Debug */ = {
			isa = XCBuildConfiguration;
			buildSettings = {
				ASSETCATALOG_COMPILER_APPICON_NAME = AppIcon;
				ASSETCATALOG_COMPILER_GLOBAL_ACCENT_COLOR_NAME = AccentColor;
				CODE_SIGN_STYLE = Automatic;
				DEVELOPMENT_TEAM = HMBTQLJ3N7;
				INFOPLIST_FILE = "COMM Mobile Dev Final Project/Info.plist";
				IPHONEOS_DEPLOYMENT_TARGET = 13.2;
				LD_RUNPATH_SEARCH_PATHS = (
					"$(inherited)",
					"@executable_path/Frameworks",
				);
				PRODUCT_BUNDLE_IDENTIFIER = "KWK.COMM-Mobile-Dev-Final-Project";
				PRODUCT_NAME = "$(TARGET_NAME)";
				SWIFT_VERSION = 5.0;
				TARGETED_DEVICE_FAMILY = 1;
			};
			name = Debug;
		};
		A8C24ED326A61245005D64C9 /* Release */ = {
			isa = XCBuildConfiguration;
			buildSettings = {
				ASSETCATALOG_COMPILER_APPICON_NAME = AppIcon;
				ASSETCATALOG_COMPILER_GLOBAL_ACCENT_COLOR_NAME = AccentColor;
				CODE_SIGN_STYLE = Automatic;
				DEVELOPMENT_TEAM = HMBTQLJ3N7;
				INFOPLIST_FILE = "COMM Mobile Dev Final Project/Info.plist";
				IPHONEOS_DEPLOYMENT_TARGET = 13.2;
				LD_RUNPATH_SEARCH_PATHS = (
					"$(inherited)",
					"@executable_path/Frameworks",
				);
				PRODUCT_BUNDLE_IDENTIFIER = "KWK.COMM-Mobile-Dev-Final-Project";
				PRODUCT_NAME = "$(TARGET_NAME)";
				SWIFT_VERSION = 5.0;
				TARGETED_DEVICE_FAMILY = 1;
			};
			name = Release;
		};
		A8C24ED526A61245005D64C9 /* Debug */ = {
			isa = XCBuildConfiguration;
			buildSettings = {
				ALWAYS_EMBED_SWIFT_STANDARD_LIBRARIES = YES;
				BUNDLE_LOADER = "$(TEST_HOST)";
				CODE_SIGN_STYLE = Automatic;
				DEVELOPMENT_TEAM = HMBTQLJ3N7;
				INFOPLIST_FILE = "COMM Mobile Dev Final ProjectTests/Info.plist";
				IPHONEOS_DEPLOYMENT_TARGET = 14.5;
				LD_RUNPATH_SEARCH_PATHS = (
					"$(inherited)",
					"@executable_path/Frameworks",
					"@loader_path/Frameworks",
				);
				PRODUCT_BUNDLE_IDENTIFIER = "KWK.COMM-Mobile-Dev-Final-ProjectTests";
				PRODUCT_NAME = "$(TARGET_NAME)";
				SWIFT_VERSION = 5.0;
				TARGETED_DEVICE_FAMILY = "1,2";
				TEST_HOST = "$(BUILT_PRODUCTS_DIR)/COMMMobileDevFinalProject.app/COMMMobileDevFinalProject";
			};
			name = Debug;
		};
		A8C24ED626A61245005D64C9 /* Release */ = {
			isa = XCBuildConfiguration;
			buildSettings = {
				ALWAYS_EMBED_SWIFT_STANDARD_LIBRARIES = YES;
				BUNDLE_LOADER = "$(TEST_HOST)";
				CODE_SIGN_STYLE = Automatic;
				DEVELOPMENT_TEAM = HMBTQLJ3N7;
				INFOPLIST_FILE = "COMM Mobile Dev Final ProjectTests/Info.plist";
				IPHONEOS_DEPLOYMENT_TARGET = 14.5;
				LD_RUNPATH_SEARCH_PATHS = (
					"$(inherited)",
					"@executable_path/Frameworks",
					"@loader_path/Frameworks",
				);
				PRODUCT_BUNDLE_IDENTIFIER = "KWK.COMM-Mobile-Dev-Final-ProjectTests";
				PRODUCT_NAME = "$(TARGET_NAME)";
				SWIFT_VERSION = 5.0;
				TARGETED_DEVICE_FAMILY = "1,2";
				TEST_HOST = "$(BUILT_PRODUCTS_DIR)/COMMMobileDevFinalProject.app/COMMMobileDevFinalProject";
			};
			name = Release;
		};
		A8C24ED826A61245005D64C9 /* Debug */ = {
			isa = XCBuildConfiguration;
			buildSettings = {
				ALWAYS_EMBED_SWIFT_STANDARD_LIBRARIES = YES;
				CODE_SIGN_STYLE = Automatic;
				DEVELOPMENT_TEAM = HMBTQLJ3N7;
				INFOPLIST_FILE = "COMM Mobile Dev Final ProjectUITests/Info.plist";
				LD_RUNPATH_SEARCH_PATHS = (
					"$(inherited)",
					"@executable_path/Frameworks",
					"@loader_path/Frameworks",
				);
				PRODUCT_BUNDLE_IDENTIFIER = "KWK.COMM-Mobile-Dev-Final-ProjectUITests";
				PRODUCT_NAME = "$(TARGET_NAME)";
				SWIFT_VERSION = 5.0;
				TARGETED_DEVICE_FAMILY = "1,2";
				TEST_TARGET_NAME = "COMM Mobile Dev Final Project";
			};
			name = Debug;
		};
		A8C24ED926A61245005D64C9 /* Release */ = {
			isa = XCBuildConfiguration;
			buildSettings = {
				ALWAYS_EMBED_SWIFT_STANDARD_LIBRARIES = YES;
				CODE_SIGN_STYLE = Automatic;
				DEVELOPMENT_TEAM = HMBTQLJ3N7;
				INFOPLIST_FILE = "COMM Mobile Dev Final ProjectUITests/Info.plist";
				LD_RUNPATH_SEARCH_PATHS = (
					"$(inherited)",
					"@executable_path/Frameworks",
					"@loader_path/Frameworks",
				);
				PRODUCT_BUNDLE_IDENTIFIER = "KWK.COMM-Mobile-Dev-Final-ProjectUITests";
				PRODUCT_NAME = "$(TARGET_NAME)";
				SWIFT_VERSION = 5.0;
				TARGETED_DEVICE_FAMILY = "1,2";
				TEST_TARGET_NAME = "COMM Mobile Dev Final Project";
			};
			name = Release;
		};
/* End XCBuildConfiguration section */

/* Begin XCConfigurationList section */
		A8C24E9F26A61244005D64C9 /* Build configuration list for PBXProject "COMMMobileDevFinalProject" */ = {
			isa = XCConfigurationList;
			buildConfigurations = (
				A8C24ECF26A61245005D64C9 /* Debug */,
				A8C24ED026A61245005D64C9 /* Release */,
			);
			defaultConfigurationIsVisible = 0;
			defaultConfigurationName = Release;
		};
		A8C24ED126A61245005D64C9 /* Build configuration list for PBXNativeTarget "COMMMobileDevFinalProject" */ = {
			isa = XCConfigurationList;
			buildConfigurations = (
				A8C24ED226A61245005D64C9 /* Debug */,
				A8C24ED326A61245005D64C9 /* Release */,
			);
			defaultConfigurationIsVisible = 0;
			defaultConfigurationName = Release;
		};
		A8C24ED426A61245005D64C9 /* Build configuration list for PBXNativeTarget "COMMMobileDevFinalProjectTests" */ = {
			isa = XCConfigurationList;
			buildConfigurations = (
				A8C24ED526A61245005D64C9 /* Debug */,
				A8C24ED626A61245005D64C9 /* Release */,
			);
			defaultConfigurationIsVisible = 0;
			defaultConfigurationName = Release;
		};
		A8C24ED726A61245005D64C9 /* Build configuration list for PBXNativeTarget "COMMMobileDevFinalProjectUITests" */ = {
			isa = XCConfigurationList;
			buildConfigurations = (
				A8C24ED826A61245005D64C9 /* Debug */,
				A8C24ED926A61245005D64C9 /* Release */,
			);
			defaultConfigurationIsVisible = 0;
			defaultConfigurationName = Release;
		};
/* End XCConfigurationList section */

/* Begin XCVersionGroup section */
		A8C24EB026A61244005D64C9 /* COMM_Mobile_Dev_Final_Project.xcdatamodeld */ = {
			isa = XCVersionGroup;
			children = (
				A8C24EB126A61244005D64C9 /* COMM_Mobile_Dev_Final_Project.xcdatamodel */,
			);
			currentVersion = A8C24EB126A61244005D64C9 /* COMM_Mobile_Dev_Final_Project.xcdatamodel */;
			path = COMM_Mobile_Dev_Final_Project.xcdatamodeld;
			sourceTree = "<group>";
			versionGroupType = wrapper.xcdatamodel;
		};
/* End XCVersionGroup section */
	};
	rootObject = A8C24E9C26A61244005D64C9 /* Project object */;
}
